
Microsoft Visual Studio Solution File, Format Version 12.00
# Visual Studio Version 17
VisualStudioVersion = 17.6.33717.318
MinimumVisualStudioVersion = 10.0.40219.1
Project("{FAE04EC0-301F-11D3-BF4B-00C04F79EFBC}") = "TowerDefense", "TowerDefense\TowerDefense.csproj", "{988B5D18-B7A8-4159-8154-3294C3F74024}"
EndProject
Global
	GlobalSection(SolutionConfigurationPlatforms) = preSolution
		Debug|Any CPU = Debug|Any CPU
		Release|Any CPU = Release|Any CPU
	EndGlobalSection
	GlobalSection(ProjectConfigurationPlatforms) = postSolution
		{988B5D18-B7A8-4159-8154-3294C3F74024}.Debug|Any CPU.ActiveCfg = Debug|Any CPU
		{988B5D18-B7A8-4159-8154-3294C3F74024}.Debug|Any CPU.Build.0 = Debug|Any CPU
		{988B5D18-B7A8-4159-8154-3294C3F74024}.Release|Any CPU.ActiveCfg = Release|Any CPU
		{988B5D18-B7A8-4159-8154-3294C3F74024}.Release|Any CPU.Build.0 = Release|Any CPU
	EndGlobalSection
	GlobalSection(SolutionProperties) = preSolution
		HideSolutionNode = FALSE
	EndGlobalSection
	GlobalSection(ExtensibilityGlobals) = postSolution
		SolutionGuid = {2AD66FEB-9F35-4A7D-A17F-F97F63AE821D}
	EndGlobalSection
EndGlobal
